
Microsoft Visual Studio Solution File, Format Version 12.00
# Visual Studio Version 17
VisualStudioVersion = 17.11.35219.272
MinimumVisualStudioVersion = 10.0.40219.1
Project("{FAE04EC0-301F-11D3-BF4B-00C04F79EFBC}") = "ConsoleApp1", "ConsoleApp1\ConsoleApp1.csproj", "{C90B01F5-92E0-45D7-BC80-32A2A07BCD6A}"
EndProject
Global
	GlobalSection(SolutionConfigurationPlatforms) = preSolution
		Debug|Any CPU = Debug|Any CPU
		Release|Any CPU = Release|Any CPU
	EndGlobalSection
	GlobalSection(ProjectConfigurationPlatforms) = postSolution
		{C90B01F5-92E0-45D7-BC80-32A2A07BCD6A}.Debug|Any CPU.ActiveCfg = Debug|Any CPU
		{C90B01F5-92E0-45D7-BC80-32A2A07BCD6A}.Debug|Any CPU.Build.0 = Debug|Any CPU
		{C90B01F5-92E0-45D7-BC80-32A2A07BCD6A}.Release|Any CPU.ActiveCfg = Release|Any CPU
		{C90B01F5-92E0-45D7-BC80-32A2A07BCD6A}.Release|Any CPU.Build.0 = Release|Any CPU
	EndGlobalSection
	GlobalSection(SolutionProperties) = preSolution
		HideSolutionNode = FALSE
	EndGlobalSection
	GlobalSection(ExtensibilityGlobals) = postSolution
		SolutionGuid = {8EB73380-8FCF-4A80-B8B8-9FE4BCD16D32}
	EndGlobalSection
EndGlobal
